
Microsoft Visual Studio Solution File, Format Version 12.00
# Visual Studio Version 17
VisualStudioVersion = 17.8.34004.107
MinimumVisualStudioVersion = 10.0.40219.1
Project("{FAE04EC0-301F-11D3-BF4B-00C04F79EFBC}") = "neyla_massa", "neyla_massa\neyla_massa.csproj", "{2BAAA46B-1C7E-4B2D-8891-FCD9C50D2414}"
EndProject
Global
	GlobalSection(SolutionConfigurationPlatforms) = preSolution
		Debug|Any CPU = Debug|Any CPU
		Release|Any CPU = Release|Any CPU
	EndGlobalSection
	GlobalSection(ProjectConfigurationPlatforms) = postSolution
		{2BAAA46B-1C7E-4B2D-8891-FCD9C50D2414}.Debug|Any CPU.ActiveCfg = Debug|Any CPU
		{2BAAA46B-1C7E-4B2D-8891-FCD9C50D2414}.Debug|Any CPU.Build.0 = Debug|Any CPU
		{2BAAA46B-1C7E-4B2D-8891-FCD9C50D2414}.Release|Any CPU.ActiveCfg = Release|Any CPU
		{2BAAA46B-1C7E-4B2D-8891-FCD9C50D2414}.Release|Any CPU.Build.0 = Release|Any CPU
	EndGlobalSection
	GlobalSection(SolutionProperties) = preSolution
		HideSolutionNode = FALSE
	EndGlobalSection
	GlobalSection(ExtensibilityGlobals) = postSolution
		SolutionGuid = {C58FA02E-00B6-4BD6-A878-D67DEB66C7A1}
	EndGlobalSection
EndGlobal
